
Microsoft Visual Studio Solution File, Format Version 12.00
# Visual Studio Version 17
VisualStudioVersion = 17.0.32014.148
MinimumVisualStudioVersion = 10.0.40219.1
Project("{9A19103F-16F7-4668-BE54-9A1E7A4F7556}") = "LoggingTool", "LoggingTool.csproj", "{32A8AAD4-2AA4-4BFB-A768-8759457335B1}"
EndProject
Project("{9A19103F-16F7-4668-BE54-9A1E7A4F7556}") = "LoggingTool Blazor", "..\LoggingTool Blazor\LoggingTool Blazor.csproj", "{F7D601C1-6E62-4B36-A458-A374EB964380}"
EndProject
Global
	GlobalSection(SolutionConfigurationPlatforms) = preSolution
		Debug|Any CPU = Debug|Any CPU
		Release|Any CPU = Release|Any CPU
	EndGlobalSection
	GlobalSection(ProjectConfigurationPlatforms) = postSolution
		{32A8AAD4-2AA4-4BFB-A768-8759457335B1}.Debug|Any CPU.ActiveCfg = Debug|Any CPU
		{32A8AAD4-2AA4-4BFB-A768-8759457335B1}.Debug|Any CPU.Build.0 = Debug|Any CPU
		{32A8AAD4-2AA4-4BFB-A768-8759457335B1}.Release|Any CPU.ActiveCfg = Release|Any CPU
		{32A8AAD4-2AA4-4BFB-A768-8759457335B1}.Release|Any CPU.Build.0 = Release|Any CPU
		{F7D601C1-6E62-4B36-A458-A374EB964380}.Debug|Any CPU.ActiveCfg = Debug|Any CPU
		{F7D601C1-6E62-4B36-A458-A374EB964380}.Debug|Any CPU.Build.0 = Debug|Any CPU
		{F7D601C1-6E62-4B36-A458-A374EB964380}.Release|Any CPU.ActiveCfg = Release|Any CPU
		{F7D601C1-6E62-4B36-A458-A374EB964380}.Release|Any CPU.Build.0 = Release|Any CPU
	EndGlobalSection
	GlobalSection(SolutionProperties) = preSolution
		HideSolutionNode = FALSE
	EndGlobalSection
	GlobalSection(ExtensibilityGlobals) = postSolution
		SolutionGuid = {129B3192-1835-45A6-8E68-9E58EB1C8646}
	EndGlobalSection
EndGlobal
